
Microsoft Visual Studio Solution File, Format Version 12.00
# Visual Studio Version 17
VisualStudioVersion = 17.8.34511.84
MinimumVisualStudioVersion = 10.0.40219.1
Project("{FAE04EC0-301F-11D3-BF4B-00C04F79EFBC}") = "MVCApp.Web", "MVCApp.Web\MVCApp.Web.csproj", "{391BDF73-580B-4CA4-9B0A-9BB446830DE5}"
EndProject
Global
	GlobalSection(SolutionConfigurationPlatforms) = preSolution
		Debug|Any CPU = Debug|Any CPU
		Release|Any CPU = Release|Any CPU
	EndGlobalSection
	GlobalSection(ProjectConfigurationPlatforms) = postSolution
		{391BDF73-580B-4CA4-9B0A-9BB446830DE5}.Debug|Any CPU.ActiveCfg = Debug|Any CPU
		{391BDF73-580B-4CA4-9B0A-9BB446830DE5}.Debug|Any CPU.Build.0 = Debug|Any CPU
		{391BDF73-580B-4CA4-9B0A-9BB446830DE5}.Release|Any CPU.ActiveCfg = Release|Any CPU
		{391BDF73-580B-4CA4-9B0A-9BB446830DE5}.Release|Any CPU.Build.0 = Release|Any CPU
	EndGlobalSection
	GlobalSection(SolutionProperties) = preSolution
		HideSolutionNode = FALSE
	EndGlobalSection
	GlobalSection(ExtensibilityGlobals) = postSolution
		SolutionGuid = {C09D48BF-C997-4720-A716-F51C7B7608BD}
	EndGlobalSection
EndGlobal
